
Microsoft Visual Studio Solution File, Format Version 12.00
# Visual Studio Version 17
VisualStudioVersion = 17.1.32421.90
MinimumVisualStudioVersion = 10.0.40219.1
Project("{FAE04EC0-301F-11D3-BF4B-00C04F79EFBC}") = "BlazorShop.Server", "Server\BlazorShop.Server.csproj", "{44709C47-68FC-4851-A2ED-EA741809E68C}"
EndProject
Project("{FAE04EC0-301F-11D3-BF4B-00C04F79EFBC}") = "BlazorShop.Client", "Client\BlazorShop.Client.csproj", "{8D38BDEB-8E13-4892-A75D-F2B0580B058D}"
EndProject
Project("{FAE04EC0-301F-11D3-BF4B-00C04F79EFBC}") = "BlazorShop.Shared", "Shared\BlazorShop.Shared.csproj", "{C4F92AAB-A0B1-4EE4-A88B-437A85D2091A}"
EndProject
Global
	GlobalSection(SolutionConfigurationPlatforms) = preSolution
		Debug|Any CPU = Debug|Any CPU
		Release|Any CPU = Release|Any CPU
	EndGlobalSection
	GlobalSection(ProjectConfigurationPlatforms) = postSolution
		{44709C47-68FC-4851-A2ED-EA741809E68C}.Debug|Any CPU.ActiveCfg = Debug|Any CPU
		{44709C47-68FC-4851-A2ED-EA741809E68C}.Debug|Any CPU.Build.0 = Debug|Any CPU
		{44709C47-68FC-4851-A2ED-EA741809E68C}.Release|Any CPU.ActiveCfg = Release|Any CPU
		{44709C47-68FC-4851-A2ED-EA741809E68C}.Release|Any CPU.Build.0 = Release|Any CPU
		{8D38BDEB-8E13-4892-A75D-F2B0580B058D}.Debug|Any CPU.ActiveCfg = Debug|Any CPU
		{8D38BDEB-8E13-4892-A75D-F2B0580B058D}.Debug|Any CPU.Build.0 = Debug|Any CPU
		{8D38BDEB-8E13-4892-A75D-F2B0580B058D}.Release|Any CPU.ActiveCfg = Release|Any CPU
		{8D38BDEB-8E13-4892-A75D-F2B0580B058D}.Release|Any CPU.Build.0 = Release|Any CPU
		{C4F92AAB-A0B1-4EE4-A88B-437A85D2091A}.Debug|Any CPU.ActiveCfg = Debug|Any CPU
		{C4F92AAB-A0B1-4EE4-A88B-437A85D2091A}.Debug|Any CPU.Build.0 = Debug|Any CPU
		{C4F92AAB-A0B1-4EE4-A88B-437A85D2091A}.Release|Any CPU.ActiveCfg = Release|Any CPU
		{C4F92AAB-A0B1-4EE4-A88B-437A85D2091A}.Release|Any CPU.Build.0 = Release|Any CPU
	EndGlobalSection
	GlobalSection(SolutionProperties) = preSolution
		HideSolutionNode = FALSE
	EndGlobalSection
	GlobalSection(ExtensibilityGlobals) = postSolution
		SolutionGuid = {DC80D3C5-8461-4C07-8227-03D2580B5325}
	EndGlobalSection
EndGlobal
